
Microsoft Visual Studio Solution File, Format Version 12.00
# Visual Studio Version 17
VisualStudioVersion = 17.3.32929.385
MinimumVisualStudioVersion = 10.0.40219.1
Project("{FAE04EC0-301F-11D3-BF4B-00C04F79EFBC}") = "Practica.TiendasAPI", "Practica.TiendasAPI.csproj", "{5B171F07-975F-4730-8CAC-D03BCAA7434C}"
EndProject
Global
	GlobalSection(SolutionConfigurationPlatforms) = preSolution
		Debug|Any CPU = Debug|Any CPU
		Release|Any CPU = Release|Any CPU
	EndGlobalSection
	GlobalSection(ProjectConfigurationPlatforms) = postSolution
		{5B171F07-975F-4730-8CAC-D03BCAA7434C}.Debug|Any CPU.ActiveCfg = Debug|Any CPU
		{5B171F07-975F-4730-8CAC-D03BCAA7434C}.Debug|Any CPU.Build.0 = Debug|Any CPU
		{5B171F07-975F-4730-8CAC-D03BCAA7434C}.Release|Any CPU.ActiveCfg = Release|Any CPU
		{5B171F07-975F-4730-8CAC-D03BCAA7434C}.Release|Any CPU.Build.0 = Release|Any CPU
	EndGlobalSection
	GlobalSection(SolutionProperties) = preSolution
		HideSolutionNode = FALSE
	EndGlobalSection
	GlobalSection(ExtensibilityGlobals) = postSolution
		SolutionGuid = {31D138EB-3E92-4C93-95E3-1D368A20E574}
	EndGlobalSection
EndGlobal
